// !$*UTF8*$!
{
	archiveVersion = 1;
	classes = {
	};
	objectVersion = 54;
	objects = {

/* Begin PBXBuildFile section */
		00E356F31AD99517003FC87E /* mobTests.m in Sources */ = {isa = PBXBuildFile; fileRef = 00E356F21AD99517003FC87E /* mobTests.m */; };
		018119A52B554F21A0B9FD97 /* OpenSans-LightItalic.ttf in Resources */ = {isa = PBXBuildFile; fileRef = A11091129F5044CC98E8C75C /* OpenSans-LightItalic.ttf */; };
		01F91A8870FE4EC9B26448F4 /* Roboto-Bold.ttf in Resources */ = {isa = PBXBuildFile; fileRef = 3DA21510D8C34034BB4EEBEE /* Roboto-Bold.ttf */; };
		10F023E0C115442198558BA1 /* Roboto-Italic.ttf in Resources */ = {isa = PBXBuildFile; fileRef = EDBF9E45160A40E981C8CA52 /* Roboto-Italic.ttf */; };
		13B07FBC1A68108700A75B9A /* AppDelegate.m in Sources */ = {isa = PBXBuildFile; fileRef = 13B07FB01A68108700A75B9A /* AppDelegate.m */; };
		13B07FBF1A68108700A75B9A /* Images.xcassets in Resources */ = {isa = PBXBuildFile; fileRef = 13B07FB51A68108700A75B9A /* Images.xcassets */; };
		13B07FC11A68108700A75B9A /* main.m in Sources */ = {isa = PBXBuildFile; fileRef = 13B07FB71A68108700A75B9A /* main.m */; };
		17D09CD709BE4C6CB63C7CD7 /* OpenSans-Italic.ttf in Resources */ = {isa = PBXBuildFile; fileRef = A390C2EB142E4E7186242D29 /* OpenSans-Italic.ttf */; };
		1F9F6387043643FDBC013577 /* OpenSans-ExtraBoldItalic.ttf in Resources */ = {isa = PBXBuildFile; fileRef = DF58143DD0DD48F8B2CB73A1 /* OpenSans-ExtraBoldItalic.ttf */; };
		23774F7C0A704B23AF905BAE /* Foundation.ttf in Resources */ = {isa = PBXBuildFile; fileRef = CE3B74F0D11F4F6FA6930F09 /* Foundation.ttf */; };
		24C4481A33A84257959B86DC /* Roboto-Medium.ttf in Resources */ = {isa = PBXBuildFile; fileRef = D02B64D1BE784EF8B8E972B2 /* Roboto-Medium.ttf */; };
		2EA8D9A974BF4633AD02E2BC /* EvilIcons.ttf in Resources */ = {isa = PBXBuildFile; fileRef = 1561325A01274B2EB54CF086 /* EvilIcons.ttf */; };
		3066792277A54CCA8F06852A /* OpenSans-BoldItalic.ttf in Resources */ = {isa = PBXBuildFile; fileRef = 24F42421F2924475BAE34179 /* OpenSans-BoldItalic.ttf */; };
		3B1956B2C7AA48A8837E7138 /* OpenSans-Light.ttf in Resources */ = {isa = PBXBuildFile; fileRef = A0EF9824B7934BC79C24A5BD /* OpenSans-Light.ttf */; };
		3B979CEBA50C4E24A6DFA3B1 /* Roboto-LightItalic.ttf in Resources */ = {isa = PBXBuildFile; fileRef = FA3914005B3B45C7861FC20F /* Roboto-LightItalic.ttf */; };
		45A7F2470C874DB49E345D01 /* Feather.ttf in Resources */ = {isa = PBXBuildFile; fileRef = 162F905050A340D399B7EA06 /* Feather.ttf */; };
		50807922CB3C4100B6D2497E /* Roboto-Light.ttf in Resources */ = {isa = PBXBuildFile; fileRef = 4F17D5904F124089BC2BF278 /* Roboto-Light.ttf */; };
		527871E15F91437889B68254 /* OpenSans-SemiBoldItalic.ttf in Resources */ = {isa = PBXBuildFile; fileRef = B7CC843D86CE41CAAEE59E0D /* OpenSans-SemiBoldItalic.ttf */; };
		55BB70EAF14A4D2680023ACB /* MaterialCommunityIcons.ttf in Resources */ = {isa = PBXBuildFile; fileRef = 90AF78DB923E4C46838FACA2 /* MaterialCommunityIcons.ttf */; };
		573A100DC2564FF090195374 /* Roboto-Black.ttf in Resources */ = {isa = PBXBuildFile; fileRef = 9300E432D597449C92E56535 /* Roboto-Black.ttf */; };
		582C443C4A5C4F1093B02872 /* FontAwesome5_Regular.ttf in Resources */ = {isa = PBXBuildFile; fileRef = CC6AA37763A940B9B6182E9D /* FontAwesome5_Regular.ttf */; };
		66A15A1B99D14ED1ADB00943 /* FontAwesome.ttf in Resources */ = {isa = PBXBuildFile; fileRef = A403B043EC414B92A7B255AE /* FontAwesome.ttf */; };
		6A52A1CDBAA64BCA83A01138 /* Roboto-Thin.ttf in Resources */ = {isa = PBXBuildFile; fileRef = C68537BCF44A4BBF96387F02 /* Roboto-Thin.ttf */; };
		6B2EAFED81294EEDAC44FF42 /* Octicons.ttf in Resources */ = {isa = PBXBuildFile; fileRef = CE11D6E2CAD9498F81E9A3D6 /* Octicons.ttf */; };
		6BC143A740684199A5FA6D6C /* MaterialIcons.ttf in Resources */ = {isa = PBXBuildFile; fileRef = 29AD39A571464E489D0B4F5A /* MaterialIcons.ttf */; };
		6E3BD95798E54D42B17E6F7B /* Roboto-BlackItalic.ttf in Resources */ = {isa = PBXBuildFile; fileRef = 46D5C7567FD447C69DCED8EF /* Roboto-BlackItalic.ttf */; };
		7933B6081E0A4968B0CD3BCF /* FontAwesome5_Solid.ttf in Resources */ = {isa = PBXBuildFile; fileRef = CB3C901AE53341EC9535C778 /* FontAwesome5_Solid.ttf */; };
		7C916166CDAE4805846A0CA2 /* OpenSans-Bold.ttf in Resources */ = {isa = PBXBuildFile; fileRef = 241A96FE8C7446CB91CEC1BC /* OpenSans-Bold.ttf */; };
		7D39F1A3FDD8427AAFF40D32 /* Roboto-BoldItalic.ttf in Resources */ = {isa = PBXBuildFile; fileRef = BE96E8150BC046E08D6554CA /* Roboto-BoldItalic.ttf */; };
		81AB9BB82411601600AC10FF /* LaunchScreen.storyboard in Resources */ = {isa = PBXBuildFile; fileRef = 81AB9BB72411601600AC10FF /* LaunchScreen.storyboard */; };
		8638C646F59A1032320E5AEA /* libPods-mob-mobTests.a in Frameworks */ = {isa = PBXBuildFile; fileRef = F6DA9AF64ED2AB0EBE852C8E /* libPods-mob-mobTests.a */; };
		88A8EE2DCF51404BA584FEFE /* Roboto-MediumItalic.ttf in Resources */ = {isa = PBXBuildFile; fileRef = 2DCCB896AE57477C8CCBB034 /* Roboto-MediumItalic.ttf */; };
		91CAF1BF7E26435C90280E97 /* OpenSans-Regular.ttf in Resources */ = {isa = PBXBuildFile; fileRef = A6C61A44476B411D8BC59CF0 /* OpenSans-Regular.ttf */; };
		93B5740D7EB94E1CABF24A6B /* Entypo.ttf in Resources */ = {isa = PBXBuildFile; fileRef = 870CD320CA62411BA49B931E /* Entypo.ttf */; };
		969B8022871C4D74A176CE90 /* AntDesign.ttf in Resources */ = {isa = PBXBuildFile; fileRef = 745E019CA416416B9B74FF70 /* AntDesign.ttf */; };
		A278ECB1FABE4D80920EEE41 /* OpenSans-ExtraBold.ttf in Resources */ = {isa = PBXBuildFile; fileRef = 1A04AC2A36DD4556907658CE /* OpenSans-ExtraBold.ttf */; };
		BE197DF26BDE42CEA97CBD8B /* Fontisto.ttf in Resources */ = {isa = PBXBuildFile; fileRef = CB8A5E8C496E42FA8667B99F /* Fontisto.ttf */; };
		C1F4F7FB89B5F215D0EC3357 /* libPods-mob.a in Frameworks */ = {isa = PBXBuildFile; fileRef = F080F07234FF3350D2B912CE /* libPods-mob.a */; };
		C217D42529814473824B8BBB /* Ionicons.ttf in Resources */ = {isa = PBXBuildFile; fileRef = 2E4FCF8FF51341B397C37D1A /* Ionicons.ttf */; };
		C8361E2A592A48069CA73ACA /* SimpleLineIcons.ttf in Resources */ = {isa = PBXBuildFile; fileRef = B9AB56119941494C95B64984 /* SimpleLineIcons.ttf */; };
		CD618599ADE241979C262B84 /* Roboto-Regular.ttf in Resources */ = {isa = PBXBuildFile; fileRef = E554F43914F046288FDC96FF /* Roboto-Regular.ttf */; };
		D0337507405E44369D37989A /* Zocial.ttf in Resources */ = {isa = PBXBuildFile; fileRef = D77A7FF0261144F89EBA0760 /* Zocial.ttf */; };
		D836B574BB5C47E09B5B8BF6 /* OpenSans-SemiBold.ttf in Resources */ = {isa = PBXBuildFile; fileRef = FD998808BFB240F4A780BA03 /* OpenSans-SemiBold.ttf */; };
		DE68EED774354294AA120FCB /* Roboto-ThinItalic.ttf in Resources */ = {isa = PBXBuildFile; fileRef = FEF04CF30CA34B6DA8DEF583 /* Roboto-ThinItalic.ttf */; };
		EAD738A0300E4C1B886D5D69 /* FontAwesome5_Brands.ttf in Resources */ = {isa = PBXBuildFile; fileRef = 8C2CF9ABD6C24E4CA3B8EF6E /* FontAwesome5_Brands.ttf */; };
/* End PBXBuildFile section */

/* Begin PBXContainerItemProxy section */
		00E356F41AD99517003FC87E /* PBXContainerItemProxy */ = {
			isa = PBXContainerItemProxy;
			containerPortal = 83CBB9F71A601CBA00E9B192 /* Project object */;
			proxyType = 1;
			remoteGlobalIDString = 13B07F861A680F5B00A75B9A;
			remoteInfo = mob;
		};
/* End PBXContainerItemProxy section */

/* Begin PBXFileReference section */
		00E356EE1AD99517003FC87E /* mobTests.xctest */ = {isa = PBXFileReference; explicitFileType = wrapper.cfbundle; includeInIndex = 0; path = mobTests.xctest; sourceTree = BUILT_PRODUCTS_DIR; };
		00E356F11AD99517003FC87E /* Info.plist */ = {isa = PBXFileReference; lastKnownFileType = text.plist.xml; path = Info.plist; sourceTree = "<group>"; };
		00E356F21AD99517003FC87E /* mobTests.m */ = {isa = PBXFileReference; lastKnownFileType = sourcecode.c.objc; path = mobTests.m; sourceTree = "<group>"; };
		05AA0D31BE9FE5ADFB858520 /* Pods-mob-mobTests.debug.xcconfig */ = {isa = PBXFileReference; includeInIndex = 1; lastKnownFileType = text.xcconfig; name = "Pods-mob-mobTests.debug.xcconfig"; path = "Target Support Files/Pods-mob-mobTests/Pods-mob-mobTests.debug.xcconfig"; sourceTree = "<group>"; };
		13B07F961A680F5B00A75B9A /* mob.app */ = {isa = PBXFileReference; explicitFileType = wrapper.application; includeInIndex = 0; path = mob.app; sourceTree = BUILT_PRODUCTS_DIR; };
		13B07FAF1A68108700A75B9A /* AppDelegate.h */ = {isa = PBXFileReference; fileEncoding = 4; lastKnownFileType = sourcecode.c.h; name = AppDelegate.h; path = mob/AppDelegate.h; sourceTree = "<group>"; };
		13B07FB01A68108700A75B9A /* AppDelegate.m */ = {isa = PBXFileReference; fileEncoding = 4; lastKnownFileType = sourcecode.c.objc; name = AppDelegate.m; path = mob/AppDelegate.m; sourceTree = "<group>"; };
		13B07FB51A68108700A75B9A /* Images.xcassets */ = {isa = PBXFileReference; lastKnownFileType = folder.assetcatalog; name = Images.xcassets; path = mob/Images.xcassets; sourceTree = "<group>"; };
		13B07FB61A68108700A75B9A /* Info.plist */ = {isa = PBXFileReference; fileEncoding = 4; lastKnownFileType = text.plist.xml; name = Info.plist; path = mob/Info.plist; sourceTree = "<group>"; };
		13B07FB71A68108700A75B9A /* main.m */ = {isa = PBXFileReference; fileEncoding = 4; lastKnownFileType = sourcecode.c.objc; name = main.m; path = mob/main.m; sourceTree = "<group>"; };
		1561325A01274B2EB54CF086 /* EvilIcons.ttf */ = {isa = PBXFileReference; explicitFileType = undefined; fileEncoding = undefined; includeInIndex = 0; lastKnownFileType = unknown; name = EvilIcons.ttf; path = "../node_modules/react-native-vector-icons/Fonts/EvilIcons.ttf"; sourceTree = "<group>"; };
		162F905050A340D399B7EA06 /* Feather.ttf */ = {isa = PBXFileReference; explicitFileType = undefined; fileEncoding = undefined; includeInIndex = 0; lastKnownFileType = unknown; name = Feather.ttf; path = "../node_modules/react-native-vector-icons/Fonts/Feather.ttf"; sourceTree = "<group>"; };
		1A04AC2A36DD4556907658CE /* OpenSans-ExtraBold.ttf */ = {isa = PBXFileReference; explicitFileType = undefined; fileEncoding = undefined; includeInIndex = 0; lastKnownFileType = unknown; name = "OpenSans-ExtraBold.ttf"; path = "../src/assets/fonts/OpenSans-ExtraBold.ttf"; sourceTree = "<group>"; };
		241A96FE8C7446CB91CEC1BC /* OpenSans-Bold.ttf */ = {isa = PBXFileReference; explicitFileType = undefined; fileEncoding = undefined; includeInIndex = 0; lastKnownFileType = unknown; name = "OpenSans-Bold.ttf"; path = "../src/assets/fonts/OpenSans-Bold.ttf"; sourceTree = "<group>"; };
		24F42421F2924475BAE34179 /* OpenSans-BoldItalic.ttf */ = {isa = PBXFileReference; explicitFileType = undefined; fileEncoding = undefined; includeInIndex = 0; lastKnownFileType = unknown; name = "OpenSans-BoldItalic.ttf"; path = "../src/assets/fonts/OpenSans-BoldItalic.ttf"; sourceTree = "<group>"; };
		29AD39A571464E489D0B4F5A /* MaterialIcons.ttf */ = {isa = PBXFileReference; explicitFileType = undefined; fileEncoding = undefined; includeInIndex = 0; lastKnownFileType = unknown; name = MaterialIcons.ttf; path = "../node_modules/react-native-vector-icons/Fonts/MaterialIcons.ttf"; sourceTree = "<group>"; };
		2DCCB896AE57477C8CCBB034 /* Roboto-MediumItalic.ttf */ = {isa = PBXFileReference; explicitFileType = undefined; fileEncoding = undefined; includeInIndex = 0; lastKnownFileType = unknown; name = "Roboto-MediumItalic.ttf"; path = "../src/assets/fonts/Roboto-MediumItalic.ttf"; sourceTree = "<group>"; };
		2E4FCF8FF51341B397C37D1A /* Ionicons.ttf */ = {isa = PBXFileReference; explicitFileType = undefined; fileEncoding = undefined; includeInIndex = 0; lastKnownFileType = unknown; name = Ionicons.ttf; path = "../node_modules/react-native-vector-icons/Fonts/Ionicons.ttf"; sourceTree = "<group>"; };
		3DA21510D8C34034BB4EEBEE /* Roboto-Bold.ttf */ = {isa = PBXFileReference; explicitFileType = undefined; fileEncoding = undefined; includeInIndex = 0; lastKnownFileType = unknown; name = "Roboto-Bold.ttf"; path = "../src/assets/fonts/Roboto-Bold.ttf"; sourceTree = "<group>"; };
		424A82DF8F2CD40AF7FE0CFC /* Pods-mob-mobTests.release.xcconfig */ = {isa = PBXFileReference; includeInIndex = 1; lastKnownFileType = text.xcconfig; name = "Pods-mob-mobTests.release.xcconfig"; path = "Target Support Files/Pods-mob-mobTests/Pods-mob-mobTests.release.xcconfig"; sourceTree = "<group>"; };
		46D5C7567FD447C69DCED8EF /* Roboto-BlackItalic.ttf */ = {isa = PBXFileReference; explicitFileType = undefined; fileEncoding = undefined; includeInIndex = 0; lastKnownFileType = unknown; name = "Roboto-BlackItalic.ttf"; path = "../src/assets/fonts/Roboto-BlackItalic.ttf"; sourceTree = "<group>"; };
		4F17D5904F124089BC2BF278 /* Roboto-Light.ttf */ = {isa = PBXFileReference; explicitFileType = undefined; fileEncoding = undefined; includeInIndex = 0; lastKnownFileType = unknown; name = "Roboto-Light.ttf"; path = "../src/assets/fonts/Roboto-Light.ttf"; sourceTree = "<group>"; };
		745E019CA416416B9B74FF70 /* AntDesign.ttf */ = {isa = PBXFileReference; explicitFileType = undefined; fileEncoding = undefined; includeInIndex = 0; lastKnownFileType = unknown; name = AntDesign.ttf; path = "../node_modules/react-native-vector-icons/Fonts/AntDesign.ttf"; sourceTree = "<group>"; };
		81AB9BB72411601600AC10FF /* LaunchScreen.storyboard */ = {isa = PBXFileReference; fileEncoding = 4; lastKnownFileType = file.storyboard; name = LaunchScreen.storyboard; path = mob/LaunchScreen.storyboard; sourceTree = "<group>"; };
		870CD320CA62411BA49B931E /* Entypo.ttf */ = {isa = PBXFileReference; explicitFileType = undefined; fileEncoding = undefined; includeInIndex = 0; lastKnownFileType = unknown; name = Entypo.ttf; path = "../node_modules/react-native-vector-icons/Fonts/Entypo.ttf"; sourceTree = "<group>"; };
		8C2CF9ABD6C24E4CA3B8EF6E /* FontAwesome5_Brands.ttf */ = {isa = PBXFileReference; explicitFileType = undefined; fileEncoding = undefined; includeInIndex = 0; lastKnownFileType = unknown; name = FontAwesome5_Brands.ttf; path = "../node_modules/react-native-vector-icons/Fonts/FontAwesome5_Brands.ttf"; sourceTree = "<group>"; };
		90AF78DB923E4C46838FACA2 /* MaterialCommunityIcons.ttf */ = {isa = PBXFileReference; explicitFileType = undefined; fileEncoding = undefined; includeInIndex = 0; lastKnownFileType = unknown; name = MaterialCommunityIcons.ttf; path = "../node_modules/react-native-vector-icons/Fonts/MaterialCommunityIcons.ttf"; sourceTree = "<group>"; };
		9300E432D597449C92E56535 /* Roboto-Black.ttf */ = {isa = PBXFileReference; explicitFileType = undefined; fileEncoding = undefined; includeInIndex = 0; lastKnownFileType = unknown; name = "Roboto-Black.ttf"; path = "../src/assets/fonts/Roboto-Black.ttf"; sourceTree = "<group>"; };
		938D8D994AB5BFC53E7DFE01 /* Pods-mob.release.xcconfig */ = {isa = PBXFileReference; includeInIndex = 1; lastKnownFileType = text.xcconfig; name = "Pods-mob.release.xcconfig"; path = "Target Support Files/Pods-mob/Pods-mob.release.xcconfig"; sourceTree = "<group>"; };
		A0EF9824B7934BC79C24A5BD /* OpenSans-Light.ttf */ = {isa = PBXFileReference; explicitFileType = undefined; fileEncoding = undefined; includeInIndex = 0; lastKnownFileType = unknown; name = "OpenSans-Light.ttf"; path = "../src/assets/fonts/OpenSans-Light.ttf"; sourceTree = "<group>"; };
		A11091129F5044CC98E8C75C /* OpenSans-LightItalic.ttf */ = {isa = PBXFileReference; explicitFileType = undefined; fileEncoding = undefined; includeInIndex = 0; lastKnownFileType = unknown; name = "OpenSans-LightItalic.ttf"; path = "../src/assets/fonts/OpenSans-LightItalic.ttf"; sourceTree = "<group>"; };
		A390C2EB142E4E7186242D29 /* OpenSans-Italic.ttf */ = {isa = PBXFileReference; explicitFileType = undefined; fileEncoding = undefined; includeInIndex = 0; lastKnownFileType = unknown; name = "OpenSans-Italic.ttf"; path = "../src/assets/fonts/OpenSans-Italic.ttf"; sourceTree = "<group>"; };
		A403B043EC414B92A7B255AE /* FontAwesome.ttf */ = {isa = PBXFileReference; explicitFileType = undefined; fileEncoding = undefined; includeInIndex = 0; lastKnownFileType = unknown; name = FontAwesome.ttf; path = "../node_modules/react-native-vector-icons/Fonts/FontAwesome.ttf"; sourceTree = "<group>"; };
		A6C61A44476B411D8BC59CF0 /* OpenSans-Regular.ttf */ = {isa = PBXFileReference; explicitFileType = undefined; fileEncoding = undefined; includeInIndex = 0; lastKnownFileType = unknown; name = "OpenSans-Regular.ttf"; path = "../src/assets/fonts/OpenSans-Regular.ttf"; sourceTree = "<group>"; };
		B64677C989B77110226347E4 /* Pods-mob.debug.xcconfig */ = {isa = PBXFileReference; includeInIndex = 1; lastKnownFileType = text.xcconfig; name = "Pods-mob.debug.xcconfig"; path = "Target Support Files/Pods-mob/Pods-mob.debug.xcconfig"; sourceTree = "<group>"; };
		B7CC843D86CE41CAAEE59E0D /* OpenSans-SemiBoldItalic.ttf */ = {isa = PBXFileReference; explicitFileType = undefined; fileEncoding = undefined; includeInIndex = 0; lastKnownFileType = unknown; name = "OpenSans-SemiBoldItalic.ttf"; path = "../src/assets/fonts/OpenSans-SemiBoldItalic.ttf"; sourceTree = "<group>"; };
		B9AB56119941494C95B64984 /* SimpleLineIcons.ttf */ = {isa = PBXFileReference; explicitFileType = undefined; fileEncoding = undefined; includeInIndex = 0; lastKnownFileType = unknown; name = SimpleLineIcons.ttf; path = "../node_modules/react-native-vector-icons/Fonts/SimpleLineIcons.ttf"; sourceTree = "<group>"; };
		BE96E8150BC046E08D6554CA /* Roboto-BoldItalic.ttf */ = {isa = PBXFileReference; explicitFileType = undefined; fileEncoding = undefined; includeInIndex = 0; lastKnownFileType = unknown; name = "Roboto-BoldItalic.ttf"; path = "../src/assets/fonts/Roboto-BoldItalic.ttf"; sourceTree = "<group>"; };
		C68537BCF44A4BBF96387F02 /* Roboto-Thin.ttf */ = {isa = PBXFileReference; explicitFileType = undefined; fileEncoding = undefined; includeInIndex = 0; lastKnownFileType = unknown; name = "Roboto-Thin.ttf"; path = "../src/assets/fonts/Roboto-Thin.ttf"; sourceTree = "<group>"; };
		CB3C901AE53341EC9535C778 /* FontAwesome5_Solid.ttf */ = {isa = PBXFileReference; explicitFileType = undefined; fileEncoding = undefined; includeInIndex = 0; lastKnownFileType = unknown; name = FontAwesome5_Solid.ttf; path = "../node_modules/react-native-vector-icons/Fonts/FontAwesome5_Solid.ttf"; sourceTree = "<group>"; };
		CB8A5E8C496E42FA8667B99F /* Fontisto.ttf */ = {isa = PBXFileReference; explicitFileType = undefined; fileEncoding = undefined; includeInIndex = 0; lastKnownFileType = unknown; name = Fontisto.ttf; path = "../node_modules/react-native-vector-icons/Fonts/Fontisto.ttf"; sourceTree = "<group>"; };
		CC6AA37763A940B9B6182E9D /* FontAwesome5_Regular.ttf */ = {isa = PBXFileReference; explicitFileType = undefined; fileEncoding = undefined; includeInIndex = 0; lastKnownFileType = unknown; name = FontAwesome5_Regular.ttf; path = "../node_modules/react-native-vector-icons/Fonts/FontAwesome5_Regular.ttf"; sourceTree = "<group>"; };
		CE11D6E2CAD9498F81E9A3D6 /* Octicons.ttf */ = {isa = PBXFileReference; explicitFileType = undefined; fileEncoding = undefined; includeInIndex = 0; lastKnownFileType = unknown; name = Octicons.ttf; path = "../node_modules/react-native-vector-icons/Fonts/Octicons.ttf"; sourceTree = "<group>"; };
		CE3B74F0D11F4F6FA6930F09 /* Foundation.ttf */ = {isa = PBXFileReference; explicitFileType = undefined; fileEncoding = undefined; includeInIndex = 0; lastKnownFileType = unknown; name = Foundation.ttf; path = "../node_modules/react-native-vector-icons/Fonts/Foundation.ttf"; sourceTree = "<group>"; };
		D02B64D1BE784EF8B8E972B2 /* Roboto-Medium.ttf */ = {isa = PBXFileReference; explicitFileType = undefined; fileEncoding = undefined; includeInIndex = 0; lastKnownFileType = unknown; name = "Roboto-Medium.ttf"; path = "../src/assets/fonts/Roboto-Medium.ttf"; sourceTree = "<group>"; };
		D77A7FF0261144F89EBA0760 /* Zocial.ttf */ = {isa = PBXFileReference; explicitFileType = undefined; fileEncoding = undefined; includeInIndex = 0; lastKnownFileType = unknown; name = Zocial.ttf; path = "../node_modules/react-native-vector-icons/Fonts/Zocial.ttf"; sourceTree = "<group>"; };
		DF58143DD0DD48F8B2CB73A1 /* OpenSans-ExtraBoldItalic.ttf */ = {isa = PBXFileReference; explicitFileType = undefined; fileEncoding = undefined; includeInIndex = 0; lastKnownFileType = unknown; name = "OpenSans-ExtraBoldItalic.ttf"; path = "../src/assets/fonts/OpenSans-ExtraBoldItalic.ttf"; sourceTree = "<group>"; };
		E554F43914F046288FDC96FF /* Roboto-Regular.ttf */ = {isa = PBXFileReference; explicitFileType = undefined; fileEncoding = undefined; includeInIndex = 0; lastKnownFileType = unknown; name = "Roboto-Regular.ttf"; path = "../src/assets/fonts/Roboto-Regular.ttf"; sourceTree = "<group>"; };
		ED297162215061F000B7C4FE /* JavaScriptCore.framework */ = {isa = PBXFileReference; lastKnownFileType = wrapper.framework; name = JavaScriptCore.framework; path = System/Library/Frameworks/JavaScriptCore.framework; sourceTree = SDKROOT; };
		EDBF9E45160A40E981C8CA52 /* Roboto-Italic.ttf */ = {isa = PBXFileReference; explicitFileType = undefined; fileEncoding = undefined; includeInIndex = 0; lastKnownFileType = unknown; name = "Roboto-Italic.ttf"; path = "../src/assets/fonts/Roboto-Italic.ttf"; sourceTree = "<group>"; };
		F080F07234FF3350D2B912CE /* libPods-mob.a */ = {isa = PBXFileReference; explicitFileType = archive.ar; includeInIndex = 0; path = "libPods-mob.a"; sourceTree = BUILT_PRODUCTS_DIR; };
		F6DA9AF64ED2AB0EBE852C8E /* libPods-mob-mobTests.a */ = {isa = PBXFileReference; explicitFileType = archive.ar; includeInIndex = 0; path = "libPods-mob-mobTests.a"; sourceTree = BUILT_PRODUCTS_DIR; };
		FA3914005B3B45C7861FC20F /* Roboto-LightItalic.ttf */ = {isa = PBXFileReference; explicitFileType = undefined; fileEncoding = undefined; includeInIndex = 0; lastKnownFileType = unknown; name = "Roboto-LightItalic.ttf"; path = "../src/assets/fonts/Roboto-LightItalic.ttf"; sourceTree = "<group>"; };
		FD998808BFB240F4A780BA03 /* OpenSans-SemiBold.ttf */ = {isa = PBXFileReference; explicitFileType = undefined; fileEncoding = undefined; includeInIndex = 0; lastKnownFileType = unknown; name = "OpenSans-SemiBold.ttf"; path = "../src/assets/fonts/OpenSans-SemiBold.ttf"; sourceTree = "<group>"; };
		FEF04CF30CA34B6DA8DEF583 /* Roboto-ThinItalic.ttf */ = {isa = PBXFileReference; explicitFileType = undefined; fileEncoding = undefined; includeInIndex = 0; lastKnownFileType = unknown; name = "Roboto-ThinItalic.ttf"; path = "../src/assets/fonts/Roboto-ThinItalic.ttf"; sourceTree = "<group>"; };
/* End PBXFileReference section */

/* Begin PBXFrameworksBuildPhase section */
		00E356EB1AD99517003FC87E /* Frameworks */ = {
			isa = PBXFrameworksBuildPhase;
			buildActionMask = 2147483647;
			files = (
				8638C646F59A1032320E5AEA /* libPods-mob-mobTests.a in Frameworks */,
			);
			runOnlyForDeploymentPostprocessing = 0;
		};
		13B07F8C1A680F5B00A75B9A /* Frameworks */ = {
			isa = PBXFrameworksBuildPhase;
			buildActionMask = 2147483647;
			files = (
				C1F4F7FB89B5F215D0EC3357 /* libPods-mob.a in Frameworks */,
			);
			runOnlyForDeploymentPostprocessing = 0;
		};
/* End PBXFrameworksBuildPhase section */

/* Begin PBXGroup section */
		00E356EF1AD99517003FC87E /* mobTests */ = {
			isa = PBXGroup;
			children = (
				00E356F21AD99517003FC87E /* mobTests.m */,
				00E356F01AD99517003FC87E /* Supporting Files */,
			);
			path = mobTests;
			sourceTree = "<group>";
		};
		00E356F01AD99517003FC87E /* Supporting Files */ = {
			isa = PBXGroup;
			children = (
				00E356F11AD99517003FC87E /* Info.plist */,
			);
			name = "Supporting Files";
			sourceTree = "<group>";
		};
		13B07FAE1A68108700A75B9A /* mob */ = {
			isa = PBXGroup;
			children = (
				13B07FAF1A68108700A75B9A /* AppDelegate.h */,
				13B07FB01A68108700A75B9A /* AppDelegate.m */,
				13B07FB51A68108700A75B9A /* Images.xcassets */,
				13B07FB61A68108700A75B9A /* Info.plist */,
				81AB9BB72411601600AC10FF /* LaunchScreen.storyboard */,
				13B07FB71A68108700A75B9A /* main.m */,
			);
			name = mob;
			sourceTree = "<group>";
		};
		2D16E6871FA4F8E400B85C8A /* Frameworks */ = {
			isa = PBXGroup;
			children = (
				ED297162215061F000B7C4FE /* JavaScriptCore.framework */,
				F080F07234FF3350D2B912CE /* libPods-mob.a */,
				F6DA9AF64ED2AB0EBE852C8E /* libPods-mob-mobTests.a */,
			);
			name = Frameworks;
			sourceTree = "<group>";
		};
		832341AE1AAA6A7D00B99B32 /* Libraries */ = {
			isa = PBXGroup;
			children = (
			);
			name = Libraries;
			sourceTree = "<group>";
		};
		83CBB9F61A601CBA00E9B192 = {
			isa = PBXGroup;
			children = (
				13B07FAE1A68108700A75B9A /* mob */,
				832341AE1AAA6A7D00B99B32 /* Libraries */,
				00E356EF1AD99517003FC87E /* mobTests */,
				83CBBA001A601CBA00E9B192 /* Products */,
				2D16E6871FA4F8E400B85C8A /* Frameworks */,
				D444794F299ACA017368B67E /* Pods */,
				A34F08899C7C40279D9A9EE3 /* Resources */,
			);
			indentWidth = 2;
			sourceTree = "<group>";
			tabWidth = 2;
			usesTabs = 0;
		};
		83CBBA001A601CBA00E9B192 /* Products */ = {
			isa = PBXGroup;
			children = (
				13B07F961A680F5B00A75B9A /* mob.app */,
				00E356EE1AD99517003FC87E /* mobTests.xctest */,
			);
			name = Products;
			sourceTree = "<group>";
		};
		A34F08899C7C40279D9A9EE3 /* Resources */ = {
			isa = PBXGroup;
			children = (
				241A96FE8C7446CB91CEC1BC /* OpenSans-Bold.ttf */,
				24F42421F2924475BAE34179 /* OpenSans-BoldItalic.ttf */,
				1A04AC2A36DD4556907658CE /* OpenSans-ExtraBold.ttf */,
				DF58143DD0DD48F8B2CB73A1 /* OpenSans-ExtraBoldItalic.ttf */,
				A390C2EB142E4E7186242D29 /* OpenSans-Italic.ttf */,
				A0EF9824B7934BC79C24A5BD /* OpenSans-Light.ttf */,
				A11091129F5044CC98E8C75C /* OpenSans-LightItalic.ttf */,
				A6C61A44476B411D8BC59CF0 /* OpenSans-Regular.ttf */,
				FD998808BFB240F4A780BA03 /* OpenSans-SemiBold.ttf */,
				B7CC843D86CE41CAAEE59E0D /* OpenSans-SemiBoldItalic.ttf */,
				9300E432D597449C92E56535 /* Roboto-Black.ttf */,
				46D5C7567FD447C69DCED8EF /* Roboto-BlackItalic.ttf */,
				3DA21510D8C34034BB4EEBEE /* Roboto-Bold.ttf */,
				BE96E8150BC046E08D6554CA /* Roboto-BoldItalic.ttf */,
				EDBF9E45160A40E981C8CA52 /* Roboto-Italic.ttf */,
				4F17D5904F124089BC2BF278 /* Roboto-Light.ttf */,
				FA3914005B3B45C7861FC20F /* Roboto-LightItalic.ttf */,
				D02B64D1BE784EF8B8E972B2 /* Roboto-Medium.ttf */,
				2DCCB896AE57477C8CCBB034 /* Roboto-MediumItalic.ttf */,
				E554F43914F046288FDC96FF /* Roboto-Regular.ttf */,
				C68537BCF44A4BBF96387F02 /* Roboto-Thin.ttf */,
				FEF04CF30CA34B6DA8DEF583 /* Roboto-ThinItalic.ttf */,
				745E019CA416416B9B74FF70 /* AntDesign.ttf */,
				870CD320CA62411BA49B931E /* Entypo.ttf */,
				1561325A01274B2EB54CF086 /* EvilIcons.ttf */,
				162F905050A340D399B7EA06 /* Feather.ttf */,
				A403B043EC414B92A7B255AE /* FontAwesome.ttf */,
				8C2CF9ABD6C24E4CA3B8EF6E /* FontAwesome5_Brands.ttf */,
				CC6AA37763A940B9B6182E9D /* FontAwesome5_Regular.ttf */,
				CB3C901AE53341EC9535C778 /* FontAwesome5_Solid.ttf */,
				CB8A5E8C496E42FA8667B99F /* Fontisto.ttf */,
				CE3B74F0D11F4F6FA6930F09 /* Foundation.ttf */,
				2E4FCF8FF51341B397C37D1A /* Ionicons.ttf */,
				90AF78DB923E4C46838FACA2 /* MaterialCommunityIcons.ttf */,
				29AD39A571464E489D0B4F5A /* MaterialIcons.ttf */,
				CE11D6E2CAD9498F81E9A3D6 /* Octicons.ttf */,
				B9AB56119941494C95B64984 /* SimpleLineIcons.ttf */,
				D77A7FF0261144F89EBA0760 /* Zocial.ttf */,
			);
			name = Resources;
			path = "";
			sourceTree = "<group>";
		};
		D444794F299ACA017368B67E /* Pods */ = {
			isa = PBXGroup;
			children = (
				B64677C989B77110226347E4 /* Pods-mob.debug.xcconfig */,
				938D8D994AB5BFC53E7DFE01 /* Pods-mob.release.xcconfig */,
				05AA0D31BE9FE5ADFB858520 /* Pods-mob-mobTests.debug.xcconfig */,
				424A82DF8F2CD40AF7FE0CFC /* Pods-mob-mobTests.release.xcconfig */,
			);
			name = Pods;
			path = Pods;
			sourceTree = "<group>";
		};
/* End PBXGroup section */

/* Begin PBXNativeTarget section */
		00E356ED1AD99517003FC87E /* mobTests */ = {
			isa = PBXNativeTarget;
			buildConfigurationList = 00E357021AD99517003FC87E /* Build configuration list for PBXNativeTarget "mobTests" */;
			buildPhases = (
				C78C6750D9D5135771FC0C37 /* [CP] Check Pods Manifest.lock */,
				00E356EA1AD99517003FC87E /* Sources */,
				00E356EB1AD99517003FC87E /* Frameworks */,
				00E356EC1AD99517003FC87E /* Resources */,
				81113550983A8278921BCFAD /* [CP] Embed Pods Frameworks */,
				C408684BD2C9B04585F927E8 /* [CP] Copy Pods Resources */,
			);
			buildRules = (
			);
			dependencies = (
				00E356F51AD99517003FC87E /* PBXTargetDependency */,
			);
			name = mobTests;
			productName = mobTests;
			productReference = 00E356EE1AD99517003FC87E /* mobTests.xctest */;
			productType = "com.apple.product-type.bundle.unit-test";
		};
		13B07F861A680F5B00A75B9A /* mob */ = {
			isa = PBXNativeTarget;
			buildConfigurationList = 13B07F931A680F5B00A75B9A /* Build configuration list for PBXNativeTarget "mob" */;
			buildPhases = (
				D92C0C150D3F1009232AE435 /* [CP] Check Pods Manifest.lock */,
				FD10A7F022414F080027D42C /* Start Packager */,
				13B07F871A680F5B00A75B9A /* Sources */,
				13B07F8C1A680F5B00A75B9A /* Frameworks */,
				13B07F8E1A680F5B00A75B9A /* Resources */,
				00DD1BFF1BD5951E006B06BC /* Bundle React Native code and images */,
				1DC07D2724E7D629DDC684E6 /* [CP] Embed Pods Frameworks */,
				8D2CAC48D9F2156188EF33DE /* [CP] Copy Pods Resources */,
			);
			buildRules = (
			);
			dependencies = (
			);
			name = mob;
			productName = mob;
			productReference = 13B07F961A680F5B00A75B9A /* mob.app */;
			productType = "com.apple.product-type.application";
		};
/* End PBXNativeTarget section */

/* Begin PBXProject section */
		83CBB9F71A601CBA00E9B192 /* Project object */ = {
			isa = PBXProject;
			attributes = {
				LastUpgradeCheck = 1210;
				TargetAttributes = {
					00E356ED1AD99517003FC87E = {
						CreatedOnToolsVersion = 6.2;
						TestTargetID = 13B07F861A680F5B00A75B9A;
					};
					13B07F861A680F5B00A75B9A = {
						LastSwiftMigration = 1120;
					};
				};
			};
			buildConfigurationList = 83CBB9FA1A601CBA00E9B192 /* Build configuration list for PBXProject "mob" */;
			compatibilityVersion = "Xcode 12.0";
			developmentRegion = en;
			hasScannedForEncodings = 0;
			knownRegions = (
				en,
				Base,
			);
			mainGroup = 83CBB9F61A601CBA00E9B192;
			productRefGroup = 83CBBA001A601CBA00E9B192 /* Products */;
			projectDirPath = "";
			projectRoot = "";
			targets = (
				13B07F861A680F5B00A75B9A /* mob */,
				00E356ED1AD99517003FC87E /* mobTests */,
			);
		};
/* End PBXProject section */

/* Begin PBXResourcesBuildPhase section */
		00E356EC1AD99517003FC87E /* Resources */ = {
			isa = PBXResourcesBuildPhase;
			buildActionMask = 2147483647;
			files = (
			);
			runOnlyForDeploymentPostprocessing = 0;
		};
		13B07F8E1A680F5B00A75B9A /* Resources */ = {
			isa = PBXResourcesBuildPhase;
			buildActionMask = 2147483647;
			files = (
				81AB9BB82411601600AC10FF /* LaunchScreen.storyboard in Resources */,
				13B07FBF1A68108700A75B9A /* Images.xcassets in Resources */,
				7C916166CDAE4805846A0CA2 /* OpenSans-Bold.ttf in Resources */,
				3066792277A54CCA8F06852A /* OpenSans-BoldItalic.ttf in Resources */,
				A278ECB1FABE4D80920EEE41 /* OpenSans-ExtraBold.ttf in Resources */,
				1F9F6387043643FDBC013577 /* OpenSans-ExtraBoldItalic.ttf in Resources */,
				17D09CD709BE4C6CB63C7CD7 /* OpenSans-Italic.ttf in Resources */,
				3B1956B2C7AA48A8837E7138 /* OpenSans-Light.ttf in Resources */,
				018119A52B554F21A0B9FD97 /* OpenSans-LightItalic.ttf in Resources */,
				91CAF1BF7E26435C90280E97 /* OpenSans-Regular.ttf in Resources */,
				D836B574BB5C47E09B5B8BF6 /* OpenSans-SemiBold.ttf in Resources */,
				527871E15F91437889B68254 /* OpenSans-SemiBoldItalic.ttf in Resources */,
				573A100DC2564FF090195374 /* Roboto-Black.ttf in Resources */,
				6E3BD95798E54D42B17E6F7B /* Roboto-BlackItalic.ttf in Resources */,
				01F91A8870FE4EC9B26448F4 /* Roboto-Bold.ttf in Resources */,
				7D39F1A3FDD8427AAFF40D32 /* Roboto-BoldItalic.ttf in Resources */,
				10F023E0C115442198558BA1 /* Roboto-Italic.ttf in Resources */,
				50807922CB3C4100B6D2497E /* Roboto-Light.ttf in Resources */,
				3B979CEBA50C4E24A6DFA3B1 /* Roboto-LightItalic.ttf in Resources */,
				24C4481A33A84257959B86DC /* Roboto-Medium.ttf in Resources */,
				88A8EE2DCF51404BA584FEFE /* Roboto-MediumItalic.ttf in Resources */,
				CD618599ADE241979C262B84 /* Roboto-Regular.ttf in Resources */,
				6A52A1CDBAA64BCA83A01138 /* Roboto-Thin.ttf in Resources */,
				DE68EED774354294AA120FCB /* Roboto-ThinItalic.ttf in Resources */,
				969B8022871C4D74A176CE90 /* AntDesign.ttf in Resources */,
				93B5740D7EB94E1CABF24A6B /* Entypo.ttf in Resources */,
				2EA8D9A974BF4633AD02E2BC /* EvilIcons.ttf in Resources */,
				45A7F2470C874DB49E345D01 /* Feather.ttf in Resources */,
				66A15A1B99D14ED1ADB00943 /* FontAwesome.ttf in Resources */,
				EAD738A0300E4C1B886D5D69 /* FontAwesome5_Brands.ttf in Resources */,
				582C443C4A5C4F1093B02872 /* FontAwesome5_Regular.ttf in Resources */,
				7933B6081E0A4968B0CD3BCF /* FontAwesome5_Solid.ttf in Resources */,
				BE197DF26BDE42CEA97CBD8B /* Fontisto.ttf in Resources */,
				23774F7C0A704B23AF905BAE /* Foundation.ttf in Resources */,
				C217D42529814473824B8BBB /* Ionicons.ttf in Resources */,
				55BB70EAF14A4D2680023ACB /* MaterialCommunityIcons.ttf in Resources */,
				6BC143A740684199A5FA6D6C /* MaterialIcons.ttf in Resources */,
				6B2EAFED81294EEDAC44FF42 /* Octicons.ttf in Resources */,
				C8361E2A592A48069CA73ACA /* SimpleLineIcons.ttf in Resources */,
				D0337507405E44369D37989A /* Zocial.ttf in Resources */,
			);
			runOnlyForDeploymentPostprocessing = 0;
		};
/* End PBXResourcesBuildPhase section */

/* Begin PBXShellScriptBuildPhase section */
		00DD1BFF1BD5951E006B06BC /* Bundle React Native code and images */ = {
			isa = PBXShellScriptBuildPhase;
			buildActionMask = 2147483647;
			files = (
			);
			inputPaths = (
			);
			name = "Bundle React Native code and images";
			outputPaths = (
			);
			runOnlyForDeploymentPostprocessing = 0;
			shellPath = /bin/sh;
			shellScript = "set -e\n\nexport NODE_BINARY=node\n../node_modules/react-native/scripts/react-native-xcode.sh\n";
		};
		1DC07D2724E7D629DDC684E6 /* [CP] Embed Pods Frameworks */ = {
			isa = PBXShellScriptBuildPhase;
			buildActionMask = 2147483647;
			files = (
			);
			inputFileListPaths = (
				"${PODS_ROOT}/Target Support Files/Pods-mob/Pods-mob-frameworks-${CONFIGURATION}-input-files.xcfilelist",
			);
			name = "[CP] Embed Pods Frameworks";
			outputFileListPaths = (
				"${PODS_ROOT}/Target Support Files/Pods-mob/Pods-mob-frameworks-${CONFIGURATION}-output-files.xcfilelist",
			);
			runOnlyForDeploymentPostprocessing = 0;
			shellPath = /bin/sh;
			shellScript = "\"${PODS_ROOT}/Target Support Files/Pods-mob/Pods-mob-frameworks.sh\"\n";
			showEnvVarsInLog = 0;
		};
		81113550983A8278921BCFAD /* [CP] Embed Pods Frameworks */ = {
			isa = PBXShellScriptBuildPhase;
			buildActionMask = 2147483647;
			files = (
			);
			inputFileListPaths = (
				"${PODS_ROOT}/Target Support Files/Pods-mob-mobTests/Pods-mob-mobTests-frameworks-${CONFIGURATION}-input-files.xcfilelist",
			);
			name = "[CP] Embed Pods Frameworks";
			outputFileListPaths = (
				"${PODS_ROOT}/Target Support Files/Pods-mob-mobTests/Pods-mob-mobTests-frameworks-${CONFIGURATION}-output-files.xcfilelist",
			);
			runOnlyForDeploymentPostprocessing = 0;
			shellPath = /bin/sh;
			shellScript = "\"${PODS_ROOT}/Target Support Files/Pods-mob-mobTests/Pods-mob-mobTests-frameworks.sh\"\n";
			showEnvVarsInLog = 0;
		};
		8D2CAC48D9F2156188EF33DE /* [CP] Copy Pods Resources */ = {
			isa = PBXShellScriptBuildPhase;
			buildActionMask = 2147483647;
			files = (
			);
			inputFileListPaths = (
				"${PODS_ROOT}/Target Support Files/Pods-mob/Pods-mob-resources-${CONFIGURATION}-input-files.xcfilelist",
			);
			name = "[CP] Copy Pods Resources";
			outputFileListPaths = (
				"${PODS_ROOT}/Target Support Files/Pods-mob/Pods-mob-resources-${CONFIGURATION}-output-files.xcfilelist",
			);
			runOnlyForDeploymentPostprocessing = 0;
			shellPath = /bin/sh;
			shellScript = "\"${PODS_ROOT}/Target Support Files/Pods-mob/Pods-mob-resources.sh\"\n";
			showEnvVarsInLog = 0;
		};
		C408684BD2C9B04585F927E8 /* [CP] Copy Pods Resources */ = {
			isa = PBXShellScriptBuildPhase;
			buildActionMask = 2147483647;
			files = (
			);
			inputFileListPaths = (
				"${PODS_ROOT}/Target Support Files/Pods-mob-mobTests/Pods-mob-mobTests-resources-${CONFIGURATION}-input-files.xcfilelist",
			);
			name = "[CP] Copy Pods Resources";
			outputFileListPaths = (
				"${PODS_ROOT}/Target Support Files/Pods-mob-mobTests/Pods-mob-mobTests-resources-${CONFIGURATION}-output-files.xcfilelist",
			);
			runOnlyForDeploymentPostprocessing = 0;
			shellPath = /bin/sh;
			shellScript = "\"${PODS_ROOT}/Target Support Files/Pods-mob-mobTests/Pods-mob-mobTests-resources.sh\"\n";
			showEnvVarsInLog = 0;
		};
		C78C6750D9D5135771FC0C37 /* [CP] Check Pods Manifest.lock */ = {
			isa = PBXShellScriptBuildPhase;
			buildActionMask = 2147483647;
			files = (
			);
			inputFileListPaths = (
			);
			inputPaths = (
				"${PODS_PODFILE_DIR_PATH}/Podfile.lock",
				"${PODS_ROOT}/Manifest.lock",
			);
			name = "[CP] Check Pods Manifest.lock";
			outputFileListPaths = (
			);
			outputPaths = (
				"$(DERIVED_FILE_DIR)/Pods-mob-mobTests-checkManifestLockResult.txt",
			);
			runOnlyForDeploymentPostprocessing = 0;
			shellPath = /bin/sh;
			shellScript = "diff \"${PODS_PODFILE_DIR_PATH}/Podfile.lock\" \"${PODS_ROOT}/Manifest.lock\" > /dev/null\nif [ $? != 0 ] ; then\n    # print error to STDERR\n    echo \"error: The sandbox is not in sync with the Podfile.lock. Run 'pod install' or update your CocoaPods installation.\" >&2\n    exit 1\nfi\n# This output is used by Xcode 'outputs' to avoid re-running this script phase.\necho \"SUCCESS\" > \"${SCRIPT_OUTPUT_FILE_0}\"\n";
			showEnvVarsInLog = 0;
		};
		D92C0C150D3F1009232AE435 /* [CP] Check Pods Manifest.lock */ = {
			isa = PBXShellScriptBuildPhase;
			buildActionMask = 2147483647;
			files = (
			);
			inputFileListPaths = (
			);
			inputPaths = (
				"${PODS_PODFILE_DIR_PATH}/Podfile.lock",
				"${PODS_ROOT}/Manifest.lock",
			);
			name = "[CP] Check Pods Manifest.lock";
			outputFileListPaths = (
			);
			outputPaths = (
				"$(DERIVED_FILE_DIR)/Pods-mob-checkManifestLockResult.txt",
			);
			runOnlyForDeploymentPostprocessing = 0;
			shellPath = /bin/sh;
			shellScript = "diff \"${PODS_PODFILE_DIR_PATH}/Podfile.lock\" \"${PODS_ROOT}/Manifest.lock\" > /dev/null\nif [ $? != 0 ] ; then\n    # print error to STDERR\n    echo \"error: The sandbox is not in sync with the Podfile.lock. Run 'pod install' or update your CocoaPods installation.\" >&2\n    exit 1\nfi\n# This output is used by Xcode 'outputs' to avoid re-running this script phase.\necho \"SUCCESS\" > \"${SCRIPT_OUTPUT_FILE_0}\"\n";
			showEnvVarsInLog = 0;
		};
		FD10A7F022414F080027D42C /* Start Packager */ = {
			isa = PBXShellScriptBuildPhase;
			buildActionMask = 2147483647;
			files = (
			);
			inputFileListPaths = (
			);
			inputPaths = (
			);
			name = "Start Packager";
			outputFileListPaths = (
			);
			outputPaths = (
			);
			runOnlyForDeploymentPostprocessing = 0;
			shellPath = /bin/sh;
			shellScript = "export RCT_METRO_PORT=\"${RCT_METRO_PORT:=8081}\"\necho \"export RCT_METRO_PORT=${RCT_METRO_PORT}\" > \"${SRCROOT}/../node_modules/react-native/scripts/.packager.env\"\nif [ -z \"${RCT_NO_LAUNCH_PACKAGER+xxx}\" ] ; then\n  if nc -w 5 -z localhost ${RCT_METRO_PORT} ; then\n    if ! curl -s \"http://localhost:${RCT_METRO_PORT}/status\" | grep -q \"packager-status:running\" ; then\n      echo \"Port ${RCT_METRO_PORT} already in use, packager is either not running or not running correctly\"\n      exit 2\n    fi\n  else\n    open \"$SRCROOT/../node_modules/react-native/scripts/launchPackager.command\" || echo \"Can't start packager automatically\"\n  fi\nfi\n";
			showEnvVarsInLog = 0;
		};
/* End PBXShellScriptBuildPhase section */

/* Begin PBXSourcesBuildPhase section */
		00E356EA1AD99517003FC87E /* Sources */ = {
			isa = PBXSourcesBuildPhase;
			buildActionMask = 2147483647;
			files = (
				00E356F31AD99517003FC87E /* mobTests.m in Sources */,
			);
			runOnlyForDeploymentPostprocessing = 0;
		};
		13B07F871A680F5B00A75B9A /* Sources */ = {
			isa = PBXSourcesBuildPhase;
			buildActionMask = 2147483647;
			files = (
				13B07FBC1A68108700A75B9A /* AppDelegate.m in Sources */,
				13B07FC11A68108700A75B9A /* main.m in Sources */,
			);
			runOnlyForDeploymentPostprocessing = 0;
		};
/* End PBXSourcesBuildPhase section */

/* Begin PBXTargetDependency section */
		00E356F51AD99517003FC87E /* PBXTargetDependency */ = {
			isa = PBXTargetDependency;
			target = 13B07F861A680F5B00A75B9A /* mob */;
			targetProxy = 00E356F41AD99517003FC87E /* PBXContainerItemProxy */;
		};
/* End PBXTargetDependency section */

/* Begin XCBuildConfiguration section */
		00E356F61AD99517003FC87E /* Debug */ = {
			isa = XCBuildConfiguration;
			baseConfigurationReference = 05AA0D31BE9FE5ADFB858520 /* Pods-mob-mobTests.debug.xcconfig */;
			buildSettings = {
				BUNDLE_LOADER = "$(TEST_HOST)";
				GCC_PREPROCESSOR_DEFINITIONS = (
					"DEBUG=1",
					"$(inherited)",
				);
				INFOPLIST_FILE = mobTests/Info.plist;
				IPHONEOS_DEPLOYMENT_TARGET = 10.0;
				LD_RUNPATH_SEARCH_PATHS = (
					"$(inherited)",
					"@executable_path/Frameworks",
					"@loader_path/Frameworks",
				);
				OTHER_LDFLAGS = (
					"-ObjC",
					"-lc++",
					"$(inherited)",
				);
				PRODUCT_BUNDLE_IDENTIFIER = "org.reactjs.native.example.$(PRODUCT_NAME:rfc1034identifier)";
				PRODUCT_NAME = "$(TARGET_NAME)";
				TEST_HOST = "$(BUILT_PRODUCTS_DIR)/mob.app/mob";
			};
			name = Debug;
		};
		00E356F71AD99517003FC87E /* Release */ = {
			isa = XCBuildConfiguration;
			baseConfigurationReference = 424A82DF8F2CD40AF7FE0CFC /* Pods-mob-mobTests.release.xcconfig */;
			buildSettings = {
				BUNDLE_LOADER = "$(TEST_HOST)";
				COPY_PHASE_STRIP = NO;
				INFOPLIST_FILE = mobTests/Info.plist;
				IPHONEOS_DEPLOYMENT_TARGET = 10.0;
				LD_RUNPATH_SEARCH_PATHS = (
					"$(inherited)",
					"@executable_path/Frameworks",
					"@loader_path/Frameworks",
				);
				OTHER_LDFLAGS = (
					"-ObjC",
					"-lc++",
					"$(inherited)",
				);
				PRODUCT_BUNDLE_IDENTIFIER = "org.reactjs.native.example.$(PRODUCT_NAME:rfc1034identifier)";
				PRODUCT_NAME = "$(TARGET_NAME)";
				TEST_HOST = "$(BUILT_PRODUCTS_DIR)/mob.app/mob";
			};
			name = Release;
		};
		13B07F941A680F5B00A75B9A /* Debug */ = {
			isa = XCBuildConfiguration;
			baseConfigurationReference = B64677C989B77110226347E4 /* Pods-mob.debug.xcconfig */;
			buildSettings = {
				ASSETCATALOG_COMPILER_APPICON_NAME = AppIcon;
				CLANG_ENABLE_MODULES = YES;
				CURRENT_PROJECT_VERSION = 1;
				ENABLE_BITCODE = NO;
				INFOPLIST_FILE = mob/Info.plist;
				LD_RUNPATH_SEARCH_PATHS = (
					"$(inherited)",
					"@executable_path/Frameworks",
				);
				OTHER_LDFLAGS = (
					"$(inherited)",
					"-ObjC",
					"-lc++",
				);
				PRODUCT_BUNDLE_IDENTIFIER = "org.reactjs.native.example.$(PRODUCT_NAME:rfc1034identifier)";
				PRODUCT_NAME = mob;
				SWIFT_OPTIMIZATION_LEVEL = "-Onone";
				SWIFT_VERSION = 5.0;
				VERSIONING_SYSTEM = "apple-generic";
			};
			name = Debug;
		};
		13B07F951A680F5B00A75B9A /* Release */ = {
			isa = XCBuildConfiguration;
			baseConfigurationReference = 938D8D994AB5BFC53E7DFE01 /* Pods-mob.release.xcconfig */;
			buildSettings = {
				ASSETCATALOG_COMPILER_APPICON_NAME = AppIcon;
				CLANG_ENABLE_MODULES = YES;
				CURRENT_PROJECT_VERSION = 1;
				INFOPLIST_FILE = mob/Info.plist;
				LD_RUNPATH_SEARCH_PATHS = (
					"$(inherited)",
					"@executable_path/Frameworks",
				);
				OTHER_LDFLAGS = (
					"$(inherited)",
					"-ObjC",
					"-lc++",
				);
				PRODUCT_BUNDLE_IDENTIFIER = "org.reactjs.native.example.$(PRODUCT_NAME:rfc1034identifier)";
				PRODUCT_NAME = mob;
				SWIFT_VERSION = 5.0;
				VERSIONING_SYSTEM = "apple-generic";
			};
			name = Release;
		};
		83CBBA201A601CBA00E9B192 /* Debug */ = {
			isa = XCBuildConfiguration;
			buildSettings = {
				ALWAYS_SEARCH_USER_PATHS = NO;
				CLANG_ANALYZER_LOCALIZABILITY_NONLOCALIZED = YES;
				CLANG_CXX_LANGUAGE_STANDARD = "gnu++0x";
				CLANG_CXX_LIBRARY = "libc++";
				CLANG_ENABLE_MODULES = YES;
				CLANG_ENABLE_OBJC_ARC = YES;
				CLANG_WARN_BLOCK_CAPTURE_AUTORELEASING = YES;
				CLANG_WARN_BOOL_CONVERSION = YES;
				CLANG_WARN_COMMA = YES;
				CLANG_WARN_CONSTANT_CONVERSION = YES;
				CLANG_WARN_DEPRECATED_OBJC_IMPLEMENTATIONS = YES;
				CLANG_WARN_DIRECT_OBJC_ISA_USAGE = YES_ERROR;
				CLANG_WARN_EMPTY_BODY = YES;
				CLANG_WARN_ENUM_CONVERSION = YES;
				CLANG_WARN_INFINITE_RECURSION = YES;
				CLANG_WARN_INT_CONVERSION = YES;
				CLANG_WARN_NON_LITERAL_NULL_CONVERSION = YES;
				CLANG_WARN_OBJC_IMPLICIT_RETAIN_SELF = YES;
				CLANG_WARN_OBJC_LITERAL_CONVERSION = YES;
				CLANG_WARN_OBJC_ROOT_CLASS = YES_ERROR;
				CLANG_WARN_QUOTED_INCLUDE_IN_FRAMEWORK_HEADER = YES;
				CLANG_WARN_RANGE_LOOP_ANALYSIS = YES;
				CLANG_WARN_STRICT_PROTOTYPES = YES;
				CLANG_WARN_SUSPICIOUS_MOVE = YES;
				CLANG_WARN_UNREACHABLE_CODE = YES;
				CLANG_WARN__DUPLICATE_METHOD_MATCH = YES;
				"CODE_SIGN_IDENTITY[sdk=iphoneos*]" = "iPhone Developer";
				COPY_PHASE_STRIP = NO;
				ENABLE_STRICT_OBJC_MSGSEND = YES;
				ENABLE_TESTABILITY = YES;
				"EXCLUDED_ARCHS[sdk=iphonesimulator*]" = "arm64 ";
				GCC_C_LANGUAGE_STANDARD = gnu99;
				GCC_DYNAMIC_NO_PIC = NO;
				GCC_NO_COMMON_BLOCKS = YES;
				GCC_OPTIMIZATION_LEVEL = 0;
				GCC_PREPROCESSOR_DEFINITIONS = (
					"DEBUG=1",
					"$(inherited)",
				);
				GCC_SYMBOLS_PRIVATE_EXTERN = NO;
				GCC_WARN_64_TO_32_BIT_CONVERSION = YES;
				GCC_WARN_ABOUT_RETURN_TYPE = YES_ERROR;
				GCC_WARN_UNDECLARED_SELECTOR = YES;
				GCC_WARN_UNINITIALIZED_AUTOS = YES_AGGRESSIVE;
				GCC_WARN_UNUSED_FUNCTION = YES;
				GCC_WARN_UNUSED_VARIABLE = YES;
				IPHONEOS_DEPLOYMENT_TARGET = 10.0;
				LD_RUNPATH_SEARCH_PATHS = (
					/usr/lib/swift,
					"$(inherited)",
				);
				LIBRARY_SEARCH_PATHS = (
					"\"$(TOOLCHAIN_DIR)/usr/lib/swift/$(PLATFORM_NAME)\"",
					"\"$(TOOLCHAIN_DIR)/usr/lib/swift-5.0/$(PLATFORM_NAME)\"",
					"\"$(inherited)\"",
				);
				MTL_ENABLE_DEBUG_INFO = YES;
				ONLY_ACTIVE_ARCH = YES;
				SDKROOT = iphoneos;
			};
			name = Debug;
		};
		83CBBA211A601CBA00E9B192 /* Release */ = {
			isa = XCBuildConfiguration;
			buildSettings = {
				ALWAYS_SEARCH_USER_PATHS = NO;
				CLANG_ANALYZER_LOCALIZABILITY_NONLOCALIZED = YES;
				CLANG_CXX_LANGUAGE_STANDARD = "gnu++0x";
				CLANG_CXX_LIBRARY = "libc++";
				CLANG_ENABLE_MODULES = YES;
				CLANG_ENABLE_OBJC_ARC = YES;
				CLANG_WARN_BLOCK_CAPTURE_AUTORELEASING = YES;
				CLANG_WARN_BOOL_CONVERSION = YES;
				CLANG_WARN_COMMA = YES;
				CLANG_WARN_CONSTANT_CONVERSION = YES;
				CLANG_WARN_DEPRECATED_OBJC_IMPLEMENTATIONS = YES;
				CLANG_WARN_DIRECT_OBJC_ISA_USAGE = YES_ERROR;
				CLANG_WARN_EMPTY_BODY = YES;
				CLANG_WARN_ENUM_CONVERSION = YES;
				CLANG_WARN_INFINITE_RECURSION = YES;
				CLANG_WARN_INT_CONVERSION = YES;
				CLANG_WARN_NON_LITERAL_NULL_CONVERSION = YES;
				CLANG_WARN_OBJC_IMPLICIT_RETAIN_SELF = YES;
				CLANG_WARN_OBJC_LITERAL_CONVERSION = YES;
				CLANG_WARN_OBJC_ROOT_CLASS = YES_ERROR;
				CLANG_WARN_QUOTED_INCLUDE_IN_FRAMEWORK_HEADER = YES;
				CLANG_WARN_RANGE_LOOP_ANALYSIS = YES;
				CLANG_WARN_STRICT_PROTOTYPES = YES;
				CLANG_WARN_SUSPICIOUS_MOVE = YES;
				CLANG_WARN_UNREACHABLE_CODE = YES;
				CLANG_WARN__DUPLICATE_METHOD_MATCH = YES;
				"CODE_SIGN_IDENTITY[sdk=iphoneos*]" = "iPhone Developer";
				COPY_PHASE_STRIP = YES;
				ENABLE_NS_ASSERTIONS = NO;
				ENABLE_STRICT_OBJC_MSGSEND = YES;
				"EXCLUDED_ARCHS[sdk=iphonesimulator*]" = "arm64 ";
				GCC_C_LANGUAGE_STANDARD = gnu99;
				GCC_NO_COMMON_BLOCKS = YES;
				GCC_WARN_64_TO_32_BIT_CONVERSION = YES;
				GCC_WARN_ABOUT_RETURN_TYPE = YES_ERROR;
				GCC_WARN_UNDECLARED_SELECTOR = YES;
				GCC_WARN_UNINITIALIZED_AUTOS = YES_AGGRESSIVE;
				GCC_WARN_UNUSED_FUNCTION = YES;
				GCC_WARN_UNUSED_VARIABLE = YES;
				IPHONEOS_DEPLOYMENT_TARGET = 10.0;
				LD_RUNPATH_SEARCH_PATHS = (
					/usr/lib/swift,
					"$(inherited)",
				);
				LIBRARY_SEARCH_PATHS = (
					"\"$(TOOLCHAIN_DIR)/usr/lib/swift/$(PLATFORM_NAME)\"",
					"\"$(TOOLCHAIN_DIR)/usr/lib/swift-5.0/$(PLATFORM_NAME)\"",
					"\"$(inherited)\"",
				);
				MTL_ENABLE_DEBUG_INFO = NO;
				SDKROOT = iphoneos;
				VALIDATE_PRODUCT = YES;
			};
			name = Release;
		};
/* End XCBuildConfiguration section */

/* Begin XCConfigurationList section */
		00E357021AD99517003FC87E /* Build configuration list for PBXNativeTarget "mobTests" */ = {
			isa = XCConfigurationList;
			buildConfigurations = (
				00E356F61AD99517003FC87E /* Debug */,
				00E356F71AD99517003FC87E /* Release */,
			);
			defaultConfigurationIsVisible = 0;
			defaultConfigurationName = Release;
		};
		13B07F931A680F5B00A75B9A /* Build configuration list for PBXNativeTarget "mob" */ = {
			isa = XCConfigurationList;
			buildConfigurations = (
				13B07F941A680F5B00A75B9A /* Debug */,
				13B07F951A680F5B00A75B9A /* Release */,
			);
			defaultConfigurationIsVisible = 0;
			defaultConfigurationName = Release;
		};
		83CBB9FA1A601CBA00E9B192 /* Build configuration list for PBXProject "mob" */ = {
			isa = XCConfigurationList;
			buildConfigurations = (
				83CBBA201A601CBA00E9B192 /* Debug */,
				83CBBA211A601CBA00E9B192 /* Release */,
			);
			defaultConfigurationIsVisible = 0;
			defaultConfigurationName = Release;
		};
/* End XCConfigurationList section */
	};
	rootObject = 83CBB9F71A601CBA00E9B192 /* Project object */;
}
